
Microsoft Visual Studio Solution File, Format Version 12.00
# Visual Studio 15
VisualStudioVersion = 15.0.28010.2041
MinimumVisualStudioVersion = 10.0.40219.1
Project("{9A19103F-16F7-4668-BE54-9A1E7A4F7556}") = "University.Entity", "University.Entity\University.Entity.csproj", "{7F7D1C3A-1956-4A56-9A12-E012B1E8608F}"
EndProject
Project("{9A19103F-16F7-4668-BE54-9A1E7A4F7556}") = "University.Data", "University.Data\University.Data.csproj", "{BE6694A6-FDE9-4C9F-9403-FE082AB5C4E2}"
EndProject
Project("{FAE04EC0-301F-11D3-BF4B-00C04F79EFBC}") = "University.Web", "University.Web\University.Web.csproj", "{EF253A7F-D55B-4E53-8E3F-BC0B99EC80C6}"
EndProject
Global
	GlobalSection(SolutionConfigurationPlatforms) = preSolution
		Debug|Any CPU = Debug|Any CPU
		Release|Any CPU = Release|Any CPU
	EndGlobalSection
	GlobalSection(ProjectConfigurationPlatforms) = postSolution
		{7F7D1C3A-1956-4A56-9A12-E012B1E8608F}.Debug|Any CPU.ActiveCfg = Debug|Any CPU
		{7F7D1C3A-1956-4A56-9A12-E012B1E8608F}.Debug|Any CPU.Build.0 = Debug|Any CPU
		{7F7D1C3A-1956-4A56-9A12-E012B1E8608F}.Release|Any CPU.ActiveCfg = Release|Any CPU
		{7F7D1C3A-1956-4A56-9A12-E012B1E8608F}.Release|Any CPU.Build.0 = Release|Any CPU
		{BE6694A6-FDE9-4C9F-9403-FE082AB5C4E2}.Debug|Any CPU.ActiveCfg = Debug|Any CPU
		{BE6694A6-FDE9-4C9F-9403-FE082AB5C4E2}.Debug|Any CPU.Build.0 = Debug|Any CPU
		{BE6694A6-FDE9-4C9F-9403-FE082AB5C4E2}.Release|Any CPU.ActiveCfg = Release|Any CPU
		{BE6694A6-FDE9-4C9F-9403-FE082AB5C4E2}.Release|Any CPU.Build.0 = Release|Any CPU
		{EF253A7F-D55B-4E53-8E3F-BC0B99EC80C6}.Debug|Any CPU.ActiveCfg = Debug|Any CPU
		{EF253A7F-D55B-4E53-8E3F-BC0B99EC80C6}.Debug|Any CPU.Build.0 = Debug|Any CPU
		{EF253A7F-D55B-4E53-8E3F-BC0B99EC80C6}.Release|Any CPU.ActiveCfg = Release|Any CPU
		{EF253A7F-D55B-4E53-8E3F-BC0B99EC80C6}.Release|Any CPU.Build.0 = Release|Any CPU
	EndGlobalSection
	GlobalSection(SolutionProperties) = preSolution
		HideSolutionNode = FALSE
	EndGlobalSection
	GlobalSection(ExtensibilityGlobals) = postSolution
		SolutionGuid = {164E5B1B-1FCB-4B7A-BABA-F34645B0C8C7}
	EndGlobalSection
EndGlobal
